
Microsoft Visual Studio Solution File, Format Version 12.00
# Visual Studio Version 17
VisualStudioVersion = 17.14.36401.2 d17.14
MinimumVisualStudioVersion = 10.0.40219.1
Project("{FAE04EC0-301F-11D3-BF4B-00C04F79EFBC}") = "Uso del formulario MDI", "Uso del formulario MDI.csproj", "{BC7DE7A4-1EE0-4305-9AAE-5AA5861519DF}"
EndProject
Global
	GlobalSection(SolutionConfigurationPlatforms) = preSolution
		Debug|Any CPU = Debug|Any CPU
		Release|Any CPU = Release|Any CPU
	EndGlobalSection
	GlobalSection(ProjectConfigurationPlatforms) = postSolution
		{BC7DE7A4-1EE0-4305-9AAE-5AA5861519DF}.Debug|Any CPU.ActiveCfg = Debug|Any CPU
		{BC7DE7A4-1EE0-4305-9AAE-5AA5861519DF}.Debug|Any CPU.Build.0 = Debug|Any CPU
		{BC7DE7A4-1EE0-4305-9AAE-5AA5861519DF}.Release|Any CPU.ActiveCfg = Release|Any CPU
		{BC7DE7A4-1EE0-4305-9AAE-5AA5861519DF}.Release|Any CPU.Build.0 = Release|Any CPU
	EndGlobalSection
	GlobalSection(SolutionProperties) = preSolution
		HideSolutionNode = FALSE
	EndGlobalSection
	GlobalSection(ExtensibilityGlobals) = postSolution
		SolutionGuid = {A9D7DA89-8739-46FD-B065-78DB65D9E206}
	EndGlobalSection
EndGlobal
